
Microsoft Visual Studio Solution File, Format Version 12.00
Project("{FAE04EC0-301F-11D3-BF4B-00C04F79EFBC}") = "EfApi1", "EfApi1\EfApi1.csproj", "{1879933D-460D-4F11-A2CC-B3E618D89FBB}"
EndProject
Global
	GlobalSection(SolutionConfigurationPlatforms) = preSolution
		Debug|Any CPU = Debug|Any CPU
		Release|Any CPU = Release|Any CPU
	EndGlobalSection
	GlobalSection(ProjectConfigurationPlatforms) = postSolution
		{1879933D-460D-4F11-A2CC-B3E618D89FBB}.Debug|Any CPU.ActiveCfg = Debug|Any CPU
		{1879933D-460D-4F11-A2CC-B3E618D89FBB}.Debug|Any CPU.Build.0 = Debug|Any CPU
		{1879933D-460D-4F11-A2CC-B3E618D89FBB}.Release|Any CPU.ActiveCfg = Release|Any CPU
		{1879933D-460D-4F11-A2CC-B3E618D89FBB}.Release|Any CPU.Build.0 = Release|Any CPU
	EndGlobalSection
EndGlobal
